
Microsoft Visual Studio Solution File, Format Version 12.00
# Visual Studio Version 16
Project("{2150E333-8FDC-42A3-9474-1A3956D46DE8}") = "CMakePredefinedTargets", "CMakePredefinedTargets", "{BC3F6374-52E8-3034-86DF-7F0D5810ABF8}"
EndProject
Project("{2150E333-8FDC-42A3-9474-1A3956D46DE8}") = "utility", "utility", "{68DA6E0E-A30E-334A-B65F-74E17F74B127}"
EndProject
Project("{8BC9CEB8-8B4A-11D0-8D11-00A0C91BC942}") = "ALL_BUILD", "ALL_BUILD.vcxproj", "{35B92041-861D-3DAB-9955-3FB467E5C45C}"
	ProjectSection(ProjectDependencies) = postProject
		{8059206E-4383-33A3-9A91-393C234D5F1A} = {8059206E-4383-33A3-9A91-393C234D5F1A}
		{9EC21415-B5C0-3099-968B-67795E84F7EA} = {9EC21415-B5C0-3099-968B-67795E84F7EA}
		{0477591D-3EB7-321C-A641-E8455906D032} = {0477591D-3EB7-321C-A641-E8455906D032}
		{A48C3BFE-FBF2-3D4A-AE00-1BA176B39914} = {A48C3BFE-FBF2-3D4A-AE00-1BA176B39914}
		{05FD6F60-FB2B-39E0-ACE4-C774569834B2} = {05FD6F60-FB2B-39E0-ACE4-C774569834B2}
	EndProjectSection
EndProject
Project("{8BC9CEB8-8B4A-11D0-8D11-00A0C91BC942}") = "INSTALL", "INSTALL.vcxproj", "{4541DE7E-0CAE-393D-86E0-BD05F3C4D27E}"
	ProjectSection(ProjectDependencies) = postProject
		{35B92041-861D-3DAB-9955-3FB467E5C45C} = {35B92041-861D-3DAB-9955-3FB467E5C45C}
		{8059206E-4383-33A3-9A91-393C234D5F1A} = {8059206E-4383-33A3-9A91-393C234D5F1A}
	EndProjectSection
EndProject
Project("{8BC9CEB8-8B4A-11D0-8D11-00A0C91BC942}") = "ZERO_CHECK", "ZERO_CHECK.vcxproj", "{8059206E-4383-33A3-9A91-393C234D5F1A}"
	ProjectSection(ProjectDependencies) = postProject
	EndProjectSection
EndProject
Project("{8BC9CEB8-8B4A-11D0-8D11-00A0C91BC942}") = "browser", "tools\browser\browser.vcxproj", "{9EC21415-B5C0-3099-968B-67795E84F7EA}"
	ProjectSection(ProjectDependencies) = postProject
		{8059206E-4383-33A3-9A91-393C234D5F1A} = {8059206E-4383-33A3-9A91-393C234D5F1A}
		{05FD6F60-FB2B-39E0-ACE4-C774569834B2} = {05FD6F60-FB2B-39E0-ACE4-C774569834B2}
	EndProjectSection
EndProject
Project("{8BC9CEB8-8B4A-11D0-8D11-00A0C91BC942}") = "copy_deps", "copy_deps.vcxproj", "{0477591D-3EB7-321C-A641-E8455906D032}"
	ProjectSection(ProjectDependencies) = postProject
		{8059206E-4383-33A3-9A91-393C234D5F1A} = {8059206E-4383-33A3-9A91-393C234D5F1A}
		{05FD6F60-FB2B-39E0-ACE4-C774569834B2} = {05FD6F60-FB2B-39E0-ACE4-C774569834B2}
	EndProjectSection
EndProject
Project("{8BC9CEB8-8B4A-11D0-8D11-00A0C91BC942}") = "pdb_detect", "pdb_detect.vcxproj", "{A48C3BFE-FBF2-3D4A-AE00-1BA176B39914}"
	ProjectSection(ProjectDependencies) = postProject
		{8059206E-4383-33A3-9A91-393C234D5F1A} = {8059206E-4383-33A3-9A91-393C234D5F1A}
	EndProjectSection
EndProject
Project("{8BC9CEB8-8B4A-11D0-8D11-00A0C91BC942}") = "silo", "silo.vcxproj", "{05FD6F60-FB2B-39E0-ACE4-C774569834B2}"
	ProjectSection(ProjectDependencies) = postProject
		{8059206E-4383-33A3-9A91-393C234D5F1A} = {8059206E-4383-33A3-9A91-393C234D5F1A}
		{A48C3BFE-FBF2-3D4A-AE00-1BA176B39914} = {A48C3BFE-FBF2-3D4A-AE00-1BA176B39914}
	EndProjectSection
EndProject
Global
	GlobalSection(SolutionConfigurationPlatforms) = preSolution
		Debug|x64 = Debug|x64
		Release|x64 = Release|x64
		MinSizeRel|x64 = MinSizeRel|x64
		RelWithDebInfo|x64 = RelWithDebInfo|x64
	EndGlobalSection
	GlobalSection(ProjectConfigurationPlatforms) = postSolution
		{35B92041-861D-3DAB-9955-3FB467E5C45C}.Debug|x64.ActiveCfg = Debug|x64
		{35B92041-861D-3DAB-9955-3FB467E5C45C}.Debug|x64.Build.0 = Debug|x64
		{35B92041-861D-3DAB-9955-3FB467E5C45C}.Release|x64.ActiveCfg = Release|x64
		{35B92041-861D-3DAB-9955-3FB467E5C45C}.Release|x64.Build.0 = Release|x64
		{35B92041-861D-3DAB-9955-3FB467E5C45C}.MinSizeRel|x64.ActiveCfg = MinSizeRel|x64
		{35B92041-861D-3DAB-9955-3FB467E5C45C}.MinSizeRel|x64.Build.0 = MinSizeRel|x64
		{35B92041-861D-3DAB-9955-3FB467E5C45C}.RelWithDebInfo|x64.ActiveCfg = RelWithDebInfo|x64
		{35B92041-861D-3DAB-9955-3FB467E5C45C}.RelWithDebInfo|x64.Build.0 = RelWithDebInfo|x64
		{4541DE7E-0CAE-393D-86E0-BD05F3C4D27E}.Debug|x64.ActiveCfg = Debug|x64
		{4541DE7E-0CAE-393D-86E0-BD05F3C4D27E}.Release|x64.ActiveCfg = Release|x64
		{4541DE7E-0CAE-393D-86E0-BD05F3C4D27E}.MinSizeRel|x64.ActiveCfg = MinSizeRel|x64
		{4541DE7E-0CAE-393D-86E0-BD05F3C4D27E}.RelWithDebInfo|x64.ActiveCfg = RelWithDebInfo|x64
		{8059206E-4383-33A3-9A91-393C234D5F1A}.Debug|x64.ActiveCfg = Debug|x64
		{8059206E-4383-33A3-9A91-393C234D5F1A}.Debug|x64.Build.0 = Debug|x64
		{8059206E-4383-33A3-9A91-393C234D5F1A}.Release|x64.ActiveCfg = Release|x64
		{8059206E-4383-33A3-9A91-393C234D5F1A}.Release|x64.Build.0 = Release|x64
		{8059206E-4383-33A3-9A91-393C234D5F1A}.MinSizeRel|x64.ActiveCfg = MinSizeRel|x64
		{8059206E-4383-33A3-9A91-393C234D5F1A}.MinSizeRel|x64.Build.0 = MinSizeRel|x64
		{8059206E-4383-33A3-9A91-393C234D5F1A}.RelWithDebInfo|x64.ActiveCfg = RelWithDebInfo|x64
		{8059206E-4383-33A3-9A91-393C234D5F1A}.RelWithDebInfo|x64.Build.0 = RelWithDebInfo|x64
		{9EC21415-B5C0-3099-968B-67795E84F7EA}.Debug|x64.ActiveCfg = Debug|x64
		{9EC21415-B5C0-3099-968B-67795E84F7EA}.Debug|x64.Build.0 = Debug|x64
		{9EC21415-B5C0-3099-968B-67795E84F7EA}.Release|x64.ActiveCfg = Release|x64
		{9EC21415-B5C0-3099-968B-67795E84F7EA}.Release|x64.Build.0 = Release|x64
		{9EC21415-B5C0-3099-968B-67795E84F7EA}.MinSizeRel|x64.ActiveCfg = MinSizeRel|x64
		{9EC21415-B5C0-3099-968B-67795E84F7EA}.MinSizeRel|x64.Build.0 = MinSizeRel|x64
		{9EC21415-B5C0-3099-968B-67795E84F7EA}.RelWithDebInfo|x64.ActiveCfg = RelWithDebInfo|x64
		{9EC21415-B5C0-3099-968B-67795E84F7EA}.RelWithDebInfo|x64.Build.0 = RelWithDebInfo|x64
		{0477591D-3EB7-321C-A641-E8455906D032}.Debug|x64.ActiveCfg = Debug|x64
		{0477591D-3EB7-321C-A641-E8455906D032}.Debug|x64.Build.0 = Debug|x64
		{0477591D-3EB7-321C-A641-E8455906D032}.Release|x64.ActiveCfg = Release|x64
		{0477591D-3EB7-321C-A641-E8455906D032}.Release|x64.Build.0 = Release|x64
		{0477591D-3EB7-321C-A641-E8455906D032}.MinSizeRel|x64.ActiveCfg = MinSizeRel|x64
		{0477591D-3EB7-321C-A641-E8455906D032}.MinSizeRel|x64.Build.0 = MinSizeRel|x64
		{0477591D-3EB7-321C-A641-E8455906D032}.RelWithDebInfo|x64.ActiveCfg = RelWithDebInfo|x64
		{0477591D-3EB7-321C-A641-E8455906D032}.RelWithDebInfo|x64.Build.0 = RelWithDebInfo|x64
		{A48C3BFE-FBF2-3D4A-AE00-1BA176B39914}.Debug|x64.ActiveCfg = Debug|x64
		{A48C3BFE-FBF2-3D4A-AE00-1BA176B39914}.Debug|x64.Build.0 = Debug|x64
		{A48C3BFE-FBF2-3D4A-AE00-1BA176B39914}.Release|x64.ActiveCfg = Release|x64
		{A48C3BFE-FBF2-3D4A-AE00-1BA176B39914}.Release|x64.Build.0 = Release|x64
		{A48C3BFE-FBF2-3D4A-AE00-1BA176B39914}.MinSizeRel|x64.ActiveCfg = MinSizeRel|x64
		{A48C3BFE-FBF2-3D4A-AE00-1BA176B39914}.MinSizeRel|x64.Build.0 = MinSizeRel|x64
		{A48C3BFE-FBF2-3D4A-AE00-1BA176B39914}.RelWithDebInfo|x64.ActiveCfg = RelWithDebInfo|x64
		{A48C3BFE-FBF2-3D4A-AE00-1BA176B39914}.RelWithDebInfo|x64.Build.0 = RelWithDebInfo|x64
		{05FD6F60-FB2B-39E0-ACE4-C774569834B2}.Debug|x64.ActiveCfg = Debug|x64
		{05FD6F60-FB2B-39E0-ACE4-C774569834B2}.Debug|x64.Build.0 = Debug|x64
		{05FD6F60-FB2B-39E0-ACE4-C774569834B2}.Release|x64.ActiveCfg = Release|x64
		{05FD6F60-FB2B-39E0-ACE4-C774569834B2}.Release|x64.Build.0 = Release|x64
		{05FD6F60-FB2B-39E0-ACE4-C774569834B2}.MinSizeRel|x64.ActiveCfg = MinSizeRel|x64
		{05FD6F60-FB2B-39E0-ACE4-C774569834B2}.MinSizeRel|x64.Build.0 = MinSizeRel|x64
		{05FD6F60-FB2B-39E0-ACE4-C774569834B2}.RelWithDebInfo|x64.ActiveCfg = RelWithDebInfo|x64
		{05FD6F60-FB2B-39E0-ACE4-C774569834B2}.RelWithDebInfo|x64.Build.0 = RelWithDebInfo|x64
	EndGlobalSection
	GlobalSection(NestedProjects) = preSolution
		{35B92041-861D-3DAB-9955-3FB467E5C45C} = {BC3F6374-52E8-3034-86DF-7F0D5810ABF8}
		{4541DE7E-0CAE-393D-86E0-BD05F3C4D27E} = {BC3F6374-52E8-3034-86DF-7F0D5810ABF8}
		{8059206E-4383-33A3-9A91-393C234D5F1A} = {BC3F6374-52E8-3034-86DF-7F0D5810ABF8}
		{0477591D-3EB7-321C-A641-E8455906D032} = {68DA6E0E-A30E-334A-B65F-74E17F74B127}
	EndGlobalSection
	GlobalSection(ExtensibilityGlobals) = postSolution
		SolutionGuid = {DB535A49-2B57-3BAC-96AB-BF2DFBCFA94E}
	EndGlobalSection
	GlobalSection(ExtensibilityAddIns) = postSolution
	EndGlobalSection
EndGlobal
