<?xml version="1.0" encoding="utf-8"?>
<Project ToolsVersion="16.0" xmlns="http://schemas.microsoft.com/developer/msbuild/2003">
  <ItemGroup>
    <CustomBuild Include="C:\ANSYSDev\cygwin\home\rjfrank\work\ans_git\Silo\Release\CMakeFiles\55197fe092acaa2108e49b905ab2a499\generate.stamp.rule">
      <Filter>CMake Rules</Filter>
    </CustomBuild>
  </ItemGroup>
  <ItemGroup>
    <Filter Include="CMake Rules">
      <UniqueIdentifier>{998882A8-C96A-3CE7-A313-1545759E7DCE}</UniqueIdentifier>
    </Filter>
  </ItemGroup>
</Project>
